
Microsoft Visual Studio Solution File, Format Version 12.00
# Visual Studio Version 16
VisualStudioVersion = 16.0.31321.278
MinimumVisualStudioVersion = 10.0.40219.1
Project("{FAE04EC0-301F-11D3-BF4B-00C04F79EFBC}") = "WebApi", "WebApi.csproj", "{27043798-0770-42E3-A44E-E4B4D62633BA}"
EndProject
Project("{FAE04EC0-301F-11D3-BF4B-00C04F79EFBC}") = "EntityLayer", "..\EntityLayer\EntityLayer.csproj", "{0B83E047-FFFA-449D-AFB2-CB8F9C973674}"
EndProject
Project("{FAE04EC0-301F-11D3-BF4B-00C04F79EFBC}") = "DataAccessLayer", "..\DataAccessLayer\DataAccessLayer.csproj", "{397DAE9A-68BF-47DA-AEE9-C3D466AE9BEC}"
EndProject
Project("{FAE04EC0-301F-11D3-BF4B-00C04F79EFBC}") = "BusinessLayer", "..\BusinessLayer\BusinessLayer.csproj", "{EFFF931C-1966-4572-AC89-48402D676ADF}"
EndProject
Global
	GlobalSection(SolutionConfigurationPlatforms) = preSolution
		Debug|Any CPU = Debug|Any CPU
		Release|Any CPU = Release|Any CPU
	EndGlobalSection
	GlobalSection(ProjectConfigurationPlatforms) = postSolution
		{27043798-0770-42E3-A44E-E4B4D62633BA}.Debug|Any CPU.ActiveCfg = Debug|Any CPU
		{27043798-0770-42E3-A44E-E4B4D62633BA}.Debug|Any CPU.Build.0 = Debug|Any CPU
		{27043798-0770-42E3-A44E-E4B4D62633BA}.Release|Any CPU.ActiveCfg = Release|Any CPU
		{27043798-0770-42E3-A44E-E4B4D62633BA}.Release|Any CPU.Build.0 = Release|Any CPU
		{0B83E047-FFFA-449D-AFB2-CB8F9C973674}.Debug|Any CPU.ActiveCfg = Debug|Any CPU
		{0B83E047-FFFA-449D-AFB2-CB8F9C973674}.Debug|Any CPU.Build.0 = Debug|Any CPU
		{0B83E047-FFFA-449D-AFB2-CB8F9C973674}.Release|Any CPU.ActiveCfg = Release|Any CPU
		{0B83E047-FFFA-449D-AFB2-CB8F9C973674}.Release|Any CPU.Build.0 = Release|Any CPU
		{397DAE9A-68BF-47DA-AEE9-C3D466AE9BEC}.Debug|Any CPU.ActiveCfg = Debug|Any CPU
		{397DAE9A-68BF-47DA-AEE9-C3D466AE9BEC}.Debug|Any CPU.Build.0 = Debug|Any CPU
		{397DAE9A-68BF-47DA-AEE9-C3D466AE9BEC}.Release|Any CPU.ActiveCfg = Release|Any CPU
		{397DAE9A-68BF-47DA-AEE9-C3D466AE9BEC}.Release|Any CPU.Build.0 = Release|Any CPU
		{EFFF931C-1966-4572-AC89-48402D676ADF}.Debug|Any CPU.ActiveCfg = Debug|Any CPU
		{EFFF931C-1966-4572-AC89-48402D676ADF}.Debug|Any CPU.Build.0 = Debug|Any CPU
		{EFFF931C-1966-4572-AC89-48402D676ADF}.Release|Any CPU.ActiveCfg = Release|Any CPU
		{EFFF931C-1966-4572-AC89-48402D676ADF}.Release|Any CPU.Build.0 = Release|Any CPU
	EndGlobalSection
	GlobalSection(SolutionProperties) = preSolution
		HideSolutionNode = FALSE
	EndGlobalSection
	GlobalSection(ExtensibilityGlobals) = postSolution
		SolutionGuid = {ED832835-938C-4096-B403-CC9349ADB3EA}
	EndGlobalSection
EndGlobal
